
Microsoft Visual Studio Solution File, Format Version 12.00
# Visual Studio 15
VisualStudioVersion = 15.0.28307.489
MinimumVisualStudioVersion = 10.0.40219.1
Project("{FAE04EC0-301F-11D3-BF4B-00C04F79EFBC}") = "FactorialCalculation", "FactorialCalculation\FactorialCalculation.csproj", "{0E5E714B-E7C8-41C3-8B7D-B68FF82E079B}"
EndProject
Project("{FAE04EC0-301F-11D3-BF4B-00C04F79EFBC}") = "FactorialCalculation.Tests", "FactorialCalculation.Tests\FactorialCalculation.Tests.csproj", "{E44DA715-35FD-49A5-9A50-F40919950F96}"
EndProject
Global
	GlobalSection(SolutionConfigurationPlatforms) = preSolution
		Debug|Any CPU = Debug|Any CPU
		Release|Any CPU = Release|Any CPU
	EndGlobalSection
	GlobalSection(ProjectConfigurationPlatforms) = postSolution
		{0E5E714B-E7C8-41C3-8B7D-B68FF82E079B}.Debug|Any CPU.ActiveCfg = Debug|Any CPU
		{0E5E714B-E7C8-41C3-8B7D-B68FF82E079B}.Debug|Any CPU.Build.0 = Debug|Any CPU
		{0E5E714B-E7C8-41C3-8B7D-B68FF82E079B}.Release|Any CPU.ActiveCfg = Release|Any CPU
		{0E5E714B-E7C8-41C3-8B7D-B68FF82E079B}.Release|Any CPU.Build.0 = Release|Any CPU
		{E44DA715-35FD-49A5-9A50-F40919950F96}.Debug|Any CPU.ActiveCfg = Debug|Any CPU
		{E44DA715-35FD-49A5-9A50-F40919950F96}.Debug|Any CPU.Build.0 = Debug|Any CPU
		{E44DA715-35FD-49A5-9A50-F40919950F96}.Release|Any CPU.ActiveCfg = Release|Any CPU
		{E44DA715-35FD-49A5-9A50-F40919950F96}.Release|Any CPU.Build.0 = Release|Any CPU
	EndGlobalSection
	GlobalSection(SolutionProperties) = preSolution
		HideSolutionNode = FALSE
	EndGlobalSection
	GlobalSection(ExtensibilityGlobals) = postSolution
		SolutionGuid = {B71C61AF-02B4-4C14-AAEC-FDC92E4CEF29}
	EndGlobalSection
EndGlobal
